
Microsoft Visual Studio Solution File, Format Version 12.00
# Visual Studio Version 17
VisualStudioVersion = 17.10.34916.146
MinimumVisualStudioVersion = 10.0.40219.1
Project("{FAE04EC0-301F-11D3-BF4B-00C04F79EFBC}") = "CursorPosition", "CursorPosition\CursorPosition.csproj", "{FC976010-985D-49E7-B6B4-7C75F817D020}"
EndProject
Global
	GlobalSection(SolutionConfigurationPlatforms) = preSolution
		Debug|Any CPU = Debug|Any CPU
		Release|Any CPU = Release|Any CPU
	EndGlobalSection
	GlobalSection(ProjectConfigurationPlatforms) = postSolution
		{FC976010-985D-49E7-B6B4-7C75F817D020}.Debug|Any CPU.ActiveCfg = Debug|Any CPU
		{FC976010-985D-49E7-B6B4-7C75F817D020}.Debug|Any CPU.Build.0 = Debug|Any CPU
		{FC976010-985D-49E7-B6B4-7C75F817D020}.Release|Any CPU.ActiveCfg = Release|Any CPU
		{FC976010-985D-49E7-B6B4-7C75F817D020}.Release|Any CPU.Build.0 = Release|Any CPU
	EndGlobalSection
	GlobalSection(SolutionProperties) = preSolution
		HideSolutionNode = FALSE
	EndGlobalSection
	GlobalSection(ExtensibilityGlobals) = postSolution
		SolutionGuid = {49AE7F4B-9BB6-41E9-B47C-26529897CCC4}
	EndGlobalSection
EndGlobal
